// !$*UTF8*$!
{
	archiveVersion = 1;
	classes = {
	};
	objectVersion = 44;
	objects = {

/* Begin PBXBuildFile section */
		06DC94320E6D07C300665D06 /* FCLogicRouter.cpp in Sources */ = {isa = PBXBuildFile; fileRef = 06DC942F0E6D07C300665D06 /* FCLogicRouter.cpp */; };
		06DC94330E6D07C300665D06 /* FCServer.cpp in Sources */ = {isa = PBXBuildFile; fileRef = 06DC94310E6D07C300665D06 /* FCServer.cpp */; };
		06DC94370E6D07CF00665D06 /* CmdLineInfo.cpp in Sources */ = {isa = PBXBuildFile; fileRef = 06DC94340E6D07CF00665D06 /* CmdLineInfo.cpp */; };
		06DDAB440E7AA19700B0F797 /* BSDSocketServer.cpp in Sources */ = {isa = PBXBuildFile; fileRef = 06DDAB420E7AA19700B0F797 /* BSDSocketServer.cpp */; };
		06DDAB480E7AA1AB00B0F797 /* ClientSocket.cpp in Sources */ = {isa = PBXBuildFile; fileRef = 06DDAB460E7AA1AB00B0F797 /* ClientSocket.cpp */; };
		06DDAB4B0E7AA1BD00B0F797 /* Daemon.cpp in Sources */ = {isa = PBXBuildFile; fileRef = 06DDAB490E7AA1BD00B0F797 /* Daemon.cpp */; };
		06DDAB5C0E7AA24B00B0F797 /* inifile.cpp in Sources */ = {isa = PBXBuildFile; fileRef = 06DDAB5B0E7AA24B00B0F797 /* inifile.cpp */; };
		06DDAB710E7AA40E00B0F797 /* PacketExtractor.cpp in Sources */ = {isa = PBXBuildFile; fileRef = 06DDAB6B0E7AA40E00B0F797 /* PacketExtractor.cpp */; };
		06DDAB720E7AA40E00B0F797 /* PEPacket.cpp in Sources */ = {isa = PBXBuildFile; fileRef = 06DDAB6D0E7AA40E00B0F797 /* PEPacket.cpp */; };
		06DDAB730E7AA40E00B0F797 /* PEPacketHelper.cpp in Sources */ = {isa = PBXBuildFile; fileRef = 06DDAB6F0E7AA40E00B0F797 /* PEPacketHelper.cpp */; };
		8DD76FB00486AB0100D96B5E /* FCServer.1 in CopyFiles */ = {isa = PBXBuildFile; fileRef = C6A0FF2C0290799A04C91782 /* FCServer.1 */; };
/* End PBXBuildFile section */

/* Begin PBXCopyFilesBuildPhase section */
		8DD76FAF0486AB0100D96B5E /* CopyFiles */ = {
			isa = PBXCopyFilesBuildPhase;
			buildActionMask = 8;
			dstPath = /usr/share/man/man1/;
			dstSubfolderSpec = 0;
			files = (
				8DD76FB00486AB0100D96B5E /* FCServer.1 in CopyFiles */,
			);
			runOnlyForDeploymentPostprocessing = 1;
		};
/* End PBXCopyFilesBuildPhase section */

/* Begin PBXFileReference section */
		0643BE8E0E6EA5B7001087CD /* DataMgr.h */ = {isa = PBXFileReference; fileEncoding = 4; lastKnownFileType = sourcecode.c.h; name = DataMgr.h; path = ../common/collections/DataMgr.h; sourceTree = SOURCE_ROOT; };
		0644A8620E6E8B2F0045DB31 /* binstream.h */ = {isa = PBXFileReference; fileEncoding = 4; lastKnownFileType = sourcecode.c.h; name = binstream.h; path = ../common/binstream.h; sourceTree = SOURCE_ROOT; };
		06DC942F0E6D07C300665D06 /* FCLogicRouter.cpp */ = {isa = PBXFileReference; fileEncoding = 4; lastKnownFileType = sourcecode.cpp.cpp; path = FCLogicRouter.cpp; sourceTree = "<group>"; };
		06DC94300E6D07C300665D06 /* FCLogicRouter.h */ = {isa = PBXFileReference; fileEncoding = 4; lastKnownFileType = sourcecode.c.h; path = FCLogicRouter.h; sourceTree = "<group>"; };
		06DC94310E6D07C300665D06 /* FCServer.cpp */ = {isa = PBXFileReference; fileEncoding = 4; lastKnownFileType = sourcecode.cpp.cpp; path = FCServer.cpp; sourceTree = "<group>"; };
		06DC94340E6D07CF00665D06 /* CmdLineInfo.cpp */ = {isa = PBXFileReference; fileEncoding = 4; lastKnownFileType = sourcecode.cpp.cpp; name = CmdLineInfo.cpp; path = ../common/CmdLineInfo.cpp; sourceTree = SOURCE_ROOT; };
		06DC94350E6D07CF00665D06 /* CmdLineInfo.h */ = {isa = PBXFileReference; fileEncoding = 4; lastKnownFileType = sourcecode.c.h; name = CmdLineInfo.h; path = ../common/CmdLineInfo.h; sourceTree = SOURCE_ROOT; };
		06DC94360E6D07CF00665D06 /* fctypes.h */ = {isa = PBXFileReference; fileEncoding = 4; lastKnownFileType = sourcecode.c.h; name = fctypes.h; path = ../common/fctypes.h; sourceTree = SOURCE_ROOT; };
		06DC94510E6D0B6000665D06 /* fcfuncs.h */ = {isa = PBXFileReference; fileEncoding = 4; lastKnownFileType = sourcecode.c.h; name = fcfuncs.h; path = ../common/fcfuncs.h; sourceTree = SOURCE_ROOT; };
		06DDAB420E7AA19700B0F797 /* BSDSocketServer.cpp */ = {isa = PBXFileReference; fileEncoding = 4; lastKnownFileType = sourcecode.cpp.cpp; name = BSDSocketServer.cpp; path = ../common/sockserver/linux/BSDSocketServer.cpp; sourceTree = SOURCE_ROOT; };
		06DDAB430E7AA19700B0F797 /* BSDSocketServer.h */ = {isa = PBXFileReference; fileEncoding = 4; lastKnownFileType = sourcecode.c.h; name = BSDSocketServer.h; path = ../common/sockserver/linux/BSDSocketServer.h; sourceTree = SOURCE_ROOT; };
		06DDAB460E7AA1AB00B0F797 /* ClientSocket.cpp */ = {isa = PBXFileReference; fileEncoding = 4; lastKnownFileType = sourcecode.cpp.cpp; name = ClientSocket.cpp; path = ../common/socket/ClientSocket.cpp; sourceTree = SOURCE_ROOT; };
		06DDAB470E7AA1AB00B0F797 /* ClientSocket.h */ = {isa = PBXFileReference; fileEncoding = 4; lastKnownFileType = sourcecode.c.h; name = ClientSocket.h; path = ../common/socket/ClientSocket.h; sourceTree = SOURCE_ROOT; };
		06DDAB490E7AA1BD00B0F797 /* Daemon.cpp */ = {isa = PBXFileReference; fileEncoding = 4; lastKnownFileType = sourcecode.cpp.cpp; name = Daemon.cpp; path = ../common/daemon/linux/Daemon.cpp; sourceTree = SOURCE_ROOT; };
		06DDAB4A0E7AA1BD00B0F797 /* Daemon.h */ = {isa = PBXFileReference; fileEncoding = 4; lastKnownFileType = sourcecode.c.h; name = Daemon.h; path = ../common/daemon/linux/Daemon.h; sourceTree = SOURCE_ROOT; };
		06DDAB4C0E7AA1D600B0F797 /* IService.h */ = {isa = PBXFileReference; fileEncoding = 4; lastKnownFileType = sourcecode.c.h; name = IService.h; path = ../common/interfaces/IService.h; sourceTree = SOURCE_ROOT; };
		06DDAB4D0E7AA1D600B0F797 /* IServiceLogic.h */ = {isa = PBXFileReference; fileEncoding = 4; lastKnownFileType = sourcecode.c.h; name = IServiceLogic.h; path = ../common/interfaces/IServiceLogic.h; sourceTree = SOURCE_ROOT; };
		06DDAB4E0E7AA1D600B0F797 /* ISocketServer.h */ = {isa = PBXFileReference; fileEncoding = 4; lastKnownFileType = sourcecode.c.h; name = ISocketServer.h; path = ../common/interfaces/ISocketServer.h; sourceTree = SOURCE_ROOT; };
		06DDAB5B0E7AA24B00B0F797 /* inifile.cpp */ = {isa = PBXFileReference; fileEncoding = 4; lastKnownFileType = sourcecode.cpp.cpp; name = inifile.cpp; path = ../common/inifile.cpp; sourceTree = SOURCE_ROOT; };
		06DDAB6B0E7AA40E00B0F797 /* PacketExtractor.cpp */ = {isa = PBXFileReference; fileEncoding = 4; lastKnownFileType = sourcecode.cpp.cpp; name = PacketExtractor.cpp; path = ../common/PacketExtractor.cpp; sourceTree = SOURCE_ROOT; };
		06DDAB6C0E7AA40E00B0F797 /* PacketExtractor.h */ = {isa = PBXFileReference; fileEncoding = 4; lastKnownFileType = sourcecode.c.h; name = PacketExtractor.h; path = ../common/PacketExtractor.h; sourceTree = SOURCE_ROOT; };
		06DDAB6D0E7AA40E00B0F797 /* PEPacket.cpp */ = {isa = PBXFileReference; fileEncoding = 4; lastKnownFileType = sourcecode.cpp.cpp; name = PEPacket.cpp; path = ../common/PEPacket.cpp; sourceTree = SOURCE_ROOT; };
		06DDAB6E0E7AA40E00B0F797 /* PEPacket.h */ = {isa = PBXFileReference; fileEncoding = 4; lastKnownFileType = sourcecode.c.h; name = PEPacket.h; path = ../common/PEPacket.h; sourceTree = SOURCE_ROOT; };
		06DDAB6F0E7AA40E00B0F797 /* PEPacketHelper.cpp */ = {isa = PBXFileReference; fileEncoding = 4; lastKnownFileType = sourcecode.cpp.cpp; name = PEPacketHelper.cpp; path = ../common/PEPacketHelper.cpp; sourceTree = SOURCE_ROOT; };
		06DDAB700E7AA40E00B0F797 /* PEPacketHelper.h */ = {isa = PBXFileReference; fileEncoding = 4; lastKnownFileType = sourcecode.c.h; name = PEPacketHelper.h; path = ../common/PEPacketHelper.h; sourceTree = SOURCE_ROOT; };
		8DD76FB20486AB0100D96B5E /* FCServer */ = {isa = PBXFileReference; explicitFileType = "compiled.mach-o.executable"; includeInIndex = 0; path = FCServer; sourceTree = BUILT_PRODUCTS_DIR; };
		C6A0FF2C0290799A04C91782 /* FCServer.1 */ = {isa = PBXFileReference; lastKnownFileType = text.man; path = FCServer.1; sourceTree = "<group>"; };
/* End PBXFileReference section */

/* Begin PBXFrameworksBuildPhase section */
		8DD76FAD0486AB0100D96B5E /* Frameworks */ = {
			isa = PBXFrameworksBuildPhase;
			buildActionMask = 2147483647;
			files = (
			);
			runOnlyForDeploymentPostprocessing = 0;
		};
/* End PBXFrameworksBuildPhase section */

/* Begin PBXGroup section */
		08FB7794FE84155DC02AAC07 /* FCServer */ = {
			isa = PBXGroup;
			children = (
				08FB7795FE84155DC02AAC07 /* Source */,
				C6A0FF2B0290797F04C91782 /* Documentation */,
				1AB674ADFE9D54B511CA2CBB /* Products */,
			);
			name = FCServer;
			sourceTree = "<group>";
		};
		08FB7795FE84155DC02AAC07 /* Source */ = {
			isa = PBXGroup;
			children = (
				06DDAB6B0E7AA40E00B0F797 /* PacketExtractor.cpp */,
				06DDAB6C0E7AA40E00B0F797 /* PacketExtractor.h */,
				06DDAB6D0E7AA40E00B0F797 /* PEPacket.cpp */,
				06DDAB6E0E7AA40E00B0F797 /* PEPacket.h */,
				06DDAB6F0E7AA40E00B0F797 /* PEPacketHelper.cpp */,
				06DDAB700E7AA40E00B0F797 /* PEPacketHelper.h */,
				06DDAB5B0E7AA24B00B0F797 /* inifile.cpp */,
				06DDAB4C0E7AA1D600B0F797 /* IService.h */,
				06DDAB4D0E7AA1D600B0F797 /* IServiceLogic.h */,
				06DDAB4E0E7AA1D600B0F797 /* ISocketServer.h */,
				06DDAB490E7AA1BD00B0F797 /* Daemon.cpp */,
				06DDAB4A0E7AA1BD00B0F797 /* Daemon.h */,
				06DDAB460E7AA1AB00B0F797 /* ClientSocket.cpp */,
				06DDAB470E7AA1AB00B0F797 /* ClientSocket.h */,
				06DDAB420E7AA19700B0F797 /* BSDSocketServer.cpp */,
				06DDAB430E7AA19700B0F797 /* BSDSocketServer.h */,
				0643BE8E0E6EA5B7001087CD /* DataMgr.h */,
				0644A8620E6E8B2F0045DB31 /* binstream.h */,
				06DC94340E6D07CF00665D06 /* CmdLineInfo.cpp */,
				06DC94350E6D07CF00665D06 /* CmdLineInfo.h */,
				06DC94360E6D07CF00665D06 /* fctypes.h */,
				06DC942F0E6D07C300665D06 /* FCLogicRouter.cpp */,
				06DC94300E6D07C300665D06 /* FCLogicRouter.h */,
				06DC94310E6D07C300665D06 /* FCServer.cpp */,
				06DC94510E6D0B6000665D06 /* fcfuncs.h */,
			);
			name = Source;
			sourceTree = "<group>";
		};
		1AB674ADFE9D54B511CA2CBB /* Products */ = {
			isa = PBXGroup;
			children = (
				8DD76FB20486AB0100D96B5E /* FCServer */,
			);
			name = Products;
			sourceTree = "<group>";
		};
		C6A0FF2B0290797F04C91782 /* Documentation */ = {
			isa = PBXGroup;
			children = (
				C6A0FF2C0290799A04C91782 /* FCServer.1 */,
			);
			name = Documentation;
			sourceTree = "<group>";
		};
/* End PBXGroup section */

/* Begin PBXNativeTarget section */
		8DD76FA90486AB0100D96B5E /* FCServer */ = {
			isa = PBXNativeTarget;
			buildConfigurationList = 1DEB928508733DD80010E9CD /* Build configuration list for PBXNativeTarget "FCServer" */;
			buildPhases = (
				8DD76FAB0486AB0100D96B5E /* Sources */,
				8DD76FAD0486AB0100D96B5E /* Frameworks */,
				8DD76FAF0486AB0100D96B5E /* CopyFiles */,
			);
			buildRules = (
			);
			dependencies = (
			);
			name = FCServer;
			productInstallPath = "$(HOME)/bin";
			productName = FCServer;
			productReference = 8DD76FB20486AB0100D96B5E /* FCServer */;
			productType = "com.apple.product-type.tool";
		};
/* End PBXNativeTarget section */

/* Begin PBXProject section */
		08FB7793FE84155DC02AAC07 /* Project object */ = {
			isa = PBXProject;
			buildConfigurationList = 1DEB928908733DD80010E9CD /* Build configuration list for PBXProject "FCServer" */;
			compatibilityVersion = "Xcode 3.0";
			hasScannedForEncodings = 1;
			mainGroup = 08FB7794FE84155DC02AAC07 /* FCServer */;
			projectDirPath = "";
			projectRoot = "";
			targets = (
				8DD76FA90486AB0100D96B5E /* FCServer */,
			);
		};
/* End PBXProject section */

/* Begin PBXSourcesBuildPhase section */
		8DD76FAB0486AB0100D96B5E /* Sources */ = {
			isa = PBXSourcesBuildPhase;
			buildActionMask = 2147483647;
			files = (
				06DC94320E6D07C300665D06 /* FCLogicRouter.cpp in Sources */,
				06DC94330E6D07C300665D06 /* FCServer.cpp in Sources */,
				06DC94370E6D07CF00665D06 /* CmdLineInfo.cpp in Sources */,
				06DDAB440E7AA19700B0F797 /* BSDSocketServer.cpp in Sources */,
				06DDAB480E7AA1AB00B0F797 /* ClientSocket.cpp in Sources */,
				06DDAB4B0E7AA1BD00B0F797 /* Daemon.cpp in Sources */,
				06DDAB5C0E7AA24B00B0F797 /* inifile.cpp in Sources */,
				06DDAB710E7AA40E00B0F797 /* PacketExtractor.cpp in Sources */,
				06DDAB720E7AA40E00B0F797 /* PEPacket.cpp in Sources */,
				06DDAB730E7AA40E00B0F797 /* PEPacketHelper.cpp in Sources */,
			);
			runOnlyForDeploymentPostprocessing = 0;
		};
/* End PBXSourcesBuildPhase section */

/* Begin XCBuildConfiguration section */
		1DEB928608733DD80010E9CD /* Debug */ = {
			isa = XCBuildConfiguration;
			buildSettings = {
				COPY_PHASE_STRIP = NO;
				GCC_DYNAMIC_NO_PIC = NO;
				GCC_ENABLE_FIX_AND_CONTINUE = YES;
				GCC_MODEL_TUNING = G5;
				GCC_OPTIMIZATION_LEVEL = 0;
				INSTALL_PATH = /usr/local/bin;
				PRODUCT_NAME = FCServer;
				ZERO_LINK = YES;
			};
			name = Debug;
		};
		1DEB928708733DD80010E9CD /* Release */ = {
			isa = XCBuildConfiguration;
			buildSettings = {
				DEBUG_INFORMATION_FORMAT = "dwarf-with-dsym";
				GCC_MODEL_TUNING = G5;
				INSTALL_PATH = /usr/local/bin;
				PRODUCT_NAME = FCServer;
			};
			name = Release;
		};
		1DEB928A08733DD80010E9CD /* Debug */ = {
			isa = XCBuildConfiguration;
			buildSettings = {
				GCC_WARN_ABOUT_RETURN_TYPE = YES;
				GCC_WARN_UNUSED_VARIABLE = YES;
				PREBINDING = NO;
				SDKROOT = "$(DEVELOPER_SDK_DIR)/MacOSX10.5.sdk";
			};
			name = Debug;
		};
		1DEB928B08733DD80010E9CD /* Release */ = {
			isa = XCBuildConfiguration;
			buildSettings = {
				ARCHS = (
					ppc,
					i386,
				);
				GCC_WARN_ABOUT_RETURN_TYPE = YES;
				GCC_WARN_UNUSED_VARIABLE = YES;
				PREBINDING = NO;
				SDKROOT = "$(DEVELOPER_SDK_DIR)/MacOSX10.5.sdk";
			};
			name = Release;
		};
/* End XCBuildConfiguration section */

/* Begin XCConfigurationList section */
		1DEB928508733DD80010E9CD /* Build configuration list for PBXNativeTarget "FCServer" */ = {
			isa = XCConfigurationList;
			buildConfigurations = (
				1DEB928608733DD80010E9CD /* Debug */,
				1DEB928708733DD80010E9CD /* Release */,
			);
			defaultConfigurationIsVisible = 0;
			defaultConfigurationName = Release;
		};
		1DEB928908733DD80010E9CD /* Build configuration list for PBXProject "FCServer" */ = {
			isa = XCConfigurationList;
			buildConfigurations = (
				1DEB928A08733DD80010E9CD /* Debug */,
				1DEB928B08733DD80010E9CD /* Release */,
			);
			defaultConfigurationIsVisible = 0;
			defaultConfigurationName = Release;
		};
/* End XCConfigurationList section */
	};
	rootObject = 08FB7793FE84155DC02AAC07 /* Project object */;
}
